dependencies:
  espp/base_component:
    component_hash: 0d946983416b5c54bc9b6e1283e8d6ecd5aa1a54d2d488d919a9436dd5a76a79
    dependencies:
    - name: espp/logger
      registry_url: https://components.espressif.com
      require: private
      version: '>=1.0'
    - name: idf
      require: private
      version: '>=5.0'
    source:
      registry_url: https://components.espressif.com
      type: service
    version: 1.0.2
  espp/color:
    component_hash: 5495918748973fce8b37f828060467de099c917c91acba1610744bfb434c1de8
    dependencies:
    - name: espp/format
      registry_url: https://components.espressif.com
      require: private
      version: '>=1.0'
    - name: idf
      require: private
      version: '>=5.0'
    source:
      registry_url: https://components.espressif.com
      type: service
    version: 1.0.2
  espp/format:
    component_hash: 618114c811e8aa548affc47bc9d59f63a9bee38eb845e9c21f0a629acc89c85a
    dependencies:
    - name: idf
      require: private
      version: '>=5.0'
    source:
      registry_url: https://components.espressif.com
      type: service
    version: 1.0.2
  espp/logger:
    component_hash: 75744c618dbd537f60cfb11a43ebf7b3e70295c23a8d85e826f21087edda4245
    dependencies:
    - name: espp/format
      registry_url: https://components.espressif.com
      require: private
      version: '>=1.0'
    - name: idf
      require: private
      version: '>=5.0'
    source:
      registry_url: https://components.espressif.com
      type: service
    version: 1.0.2
  espp/neopixel:
    component_hash: 1e089fd052b37e2e30c2ed670fde7528b73208ccab2654c0a611cc6fb2dc6a6e
    dependencies:
    - name: espp/base_component
      registry_url: https://components.espressif.com
      require: private
      version: '>=1.0'
    - name: espp/color
      registry_url: https://components.espressif.com
      require: private
      version: '>=1.0'
    - name: espp/rmt
      registry_url: https://components.espressif.com
      require: private
      version: '>=1.0'
    - name: idf
      require: private
      version: '>=5.0'
    source:
      registry_url: https://components.espressif.com/
      type: service
    version: 1.0.1
  espp/rmt:
    component_hash: 29dd67073658254f3fecb2f1e4ee03e78827f8ed02e7a1ea191b72286d8fc237
    dependencies:
    - name: espp/base_component
      registry_url: https://components.espressif.com
      require: private
      version: '>=1.0'
    - name: idf
      require: private
      version: '>=5.0'
    source:
      registry_url: https://components.espressif.com
      type: service
    version: 1.0.1
  idf:
    source:
      type: idf
    version: 5.4.1
  zorxx/neopixel:
    component_hash: eb2457ac2b7fca04be1834cf3af7a901f72969918a30ce68a1c1b0c160306201
    dependencies: []
    source:
      registry_url: https://components.espressif.com/
      type: service
    version: 1.0.10
direct_dependencies:
- espp/neopixel
- idf
- zorxx/neopixel
manifest_hash: 6f4c14c9c505d1f8f30565956d6fdc62d98fbb3b4f1209e7cbddf4b32cbc7721
target: esp32
version: 2.0.0
