dependencies:
  idf:
    source:
      type: idf
    version: 5.4.0
  zorxx/neopixel:
    dependencies: []
    source:
      path: C:\Users\1622713\Projet-de-fin-de-DEC\SparkTime_07mai\managed_components\zorxx__neopixel
      type: local
    version: 1.0.10
direct_dependencies:
- idf
- zorxx/neopixel
manifest_hash: 5e223cfb26ba4423b58f8ececa2c84b46c3113d63b161991805563f6ff0c85d6
target: esp32
version: 2.0.0
